
Microsoft Visual Studio Solution File, Format Version 12.00
# Visual Studio Version 17
VisualStudioVersion = 17.5.33627.172
MinimumVisualStudioVersion = 10.0.40219.1
Project("{FAE04EC0-301F-11D3-BF4B-00C04F79EFBC}") = "HR_Department", "HR_Department\HR_Department.csproj", "{7D137D8C-080D-461A-8978-0A9E0D3782E3}"
EndProject
Global
	GlobalSection(SolutionConfigurationPlatforms) = preSolution
		Debug|Any CPU = Debug|Any CPU
		Release|Any CPU = Release|Any CPU
	EndGlobalSection
	GlobalSection(ProjectConfigurationPlatforms) = postSolution
		{7D137D8C-080D-461A-8978-0A9E0D3782E3}.Debug|Any CPU.ActiveCfg = Debug|Any CPU
		{7D137D8C-080D-461A-8978-0A9E0D3782E3}.Debug|Any CPU.Build.0 = Debug|Any CPU
		{7D137D8C-080D-461A-8978-0A9E0D3782E3}.Release|Any CPU.ActiveCfg = Release|Any CPU
		{7D137D8C-080D-461A-8978-0A9E0D3782E3}.Release|Any CPU.Build.0 = Release|Any CPU
	EndGlobalSection
	GlobalSection(SolutionProperties) = preSolution
		HideSolutionNode = FALSE
	EndGlobalSection
	GlobalSection(ExtensibilityGlobals) = postSolution
		SolutionGuid = {78E042BB-724B-4846-9BCE-6D4E32626984}
	EndGlobalSection
EndGlobal
